
Microsoft Visual Studio Solution File, Format Version 12.00
# Visual Studio Version 17
VisualStudioVersion = 17.2.32602.215
MinimumVisualStudioVersion = 10.0.40219.1
Project("{8BC9CEB8-8B4A-11D0-8D11-00A0C91BC942}") = "ControlStructures", "ControlStructures\ControlStructures.vcxproj", "{0136F90E-76AB-459F-A971-4093061453D5}"
EndProject
Project("{8BC9CEB8-8B4A-11D0-8D11-00A0C91BC942}") = "Factorial", "Factorial\Factorial.vcxproj", "{594F571C-CB91-4EAC-AA21-CEFDE54E85B1}"
EndProject
Project("{8BC9CEB8-8B4A-11D0-8D11-00A0C91BC942}") = "Pow_number", "Pow_number\Pow_number.vcxproj", "{7A7C4A90-1B16-4262-B84E-2BEEA5876E4E}"
EndProject
Project("{8BC9CEB8-8B4A-11D0-8D11-00A0C91BC942}") = "MyPow_function", "MyPow_function\MyPow_function.vcxproj", "{C38D33E9-0A45-46BE-80A7-01527D0085BF}"
EndProject
Project("{8BC9CEB8-8B4A-11D0-8D11-00A0C91BC942}") = "Fibonacci", "Fibonacci\Fibonacci.vcxproj", "{195D19E9-5DFA-4DB5-9090-21DAD11A51A9}"
EndProject
Project("{8BC9CEB8-8B4A-11D0-8D11-00A0C91BC942}") = "ASCII_table", "ASCII_table\ASCII_table.vcxproj", "{671F1876-85C1-442B-B49D-0BBF5EE0F781}"
EndProject
Project("{8BC9CEB8-8B4A-11D0-8D11-00A0C91BC942}") = "Fibonacci2", "Fibonacci2\Fibonacci2.vcxproj", "{EF94ADBC-247B-423E-A91F-F5E55AD64CAA}"
EndProject
Project("{8BC9CEB8-8B4A-11D0-8D11-00A0C91BC942}") = "Simple_number", "Simple_number\Simple_number.vcxproj", "{72DC7F7C-918F-453D-8B2A-C3063288B9D5}"
EndProject
Project("{8BC9CEB8-8B4A-11D0-8D11-00A0C91BC942}") = "Shooter", "Shooter\Shooter.vcxproj", "{D797D69B-A43D-49B1-AF2A-A36830DEF686}"
EndProject
Project("{8BC9CEB8-8B4A-11D0-8D11-00A0C91BC942}") = "Simple_number2", "Simple_number2\Simple_number2.vcxproj", "{C6511A10-A498-49CF-8DEA-06A15D92AFFD}"
EndProject
Global
	GlobalSection(SolutionConfigurationPlatforms) = preSolution
		Debug|x64 = Debug|x64
		Debug|x86 = Debug|x86
		Release|x64 = Release|x64
		Release|x86 = Release|x86
	EndGlobalSection
	GlobalSection(ProjectConfigurationPlatforms) = postSolution
		{0136F90E-76AB-459F-A971-4093061453D5}.Debug|x64.ActiveCfg = Debug|x64
		{0136F90E-76AB-459F-A971-4093061453D5}.Debug|x64.Build.0 = Debug|x64
		{0136F90E-76AB-459F-A971-4093061453D5}.Debug|x86.ActiveCfg = Debug|Win32
		{0136F90E-76AB-459F-A971-4093061453D5}.Debug|x86.Build.0 = Debug|Win32
		{0136F90E-76AB-459F-A971-4093061453D5}.Release|x64.ActiveCfg = Release|x64
		{0136F90E-76AB-459F-A971-4093061453D5}.Release|x64.Build.0 = Release|x64
		{0136F90E-76AB-459F-A971-4093061453D5}.Release|x86.ActiveCfg = Release|Win32
		{0136F90E-76AB-459F-A971-4093061453D5}.Release|x86.Build.0 = Release|Win32
		{594F571C-CB91-4EAC-AA21-CEFDE54E85B1}.Debug|x64.ActiveCfg = Debug|x64
		{594F571C-CB91-4EAC-AA21-CEFDE54E85B1}.Debug|x64.Build.0 = Debug|x64
		{594F571C-CB91-4EAC-AA21-CEFDE54E85B1}.Debug|x86.ActiveCfg = Debug|Win32
		{594F571C-CB91-4EAC-AA21-CEFDE54E85B1}.Debug|x86.Build.0 = Debug|Win32
		{594F571C-CB91-4EAC-AA21-CEFDE54E85B1}.Release|x64.ActiveCfg = Release|x64
		{594F571C-CB91-4EAC-AA21-CEFDE54E85B1}.Release|x64.Build.0 = Release|x64
		{594F571C-CB91-4EAC-AA21-CEFDE54E85B1}.Release|x86.ActiveCfg = Release|Win32
		{594F571C-CB91-4EAC-AA21-CEFDE54E85B1}.Release|x86.Build.0 = Release|Win32
		{7A7C4A90-1B16-4262-B84E-2BEEA5876E4E}.Debug|x64.ActiveCfg = Debug|x64
		{7A7C4A90-1B16-4262-B84E-2BEEA5876E4E}.Debug|x64.Build.0 = Debug|x64
		{7A7C4A90-1B16-4262-B84E-2BEEA5876E4E}.Debug|x86.ActiveCfg = Debug|Win32
		{7A7C4A90-1B16-4262-B84E-2BEEA5876E4E}.Debug|x86.Build.0 = Debug|Win32
		{7A7C4A90-1B16-4262-B84E-2BEEA5876E4E}.Release|x64.ActiveCfg = Release|x64
		{7A7C4A90-1B16-4262-B84E-2BEEA5876E4E}.Release|x64.Build.0 = Release|x64
		{7A7C4A90-1B16-4262-B84E-2BEEA5876E4E}.Release|x86.ActiveCfg = Release|Win32
		{7A7C4A90-1B16-4262-B84E-2BEEA5876E4E}.Release|x86.Build.0 = Release|Win32
		{C38D33E9-0A45-46BE-80A7-01527D0085BF}.Debug|x64.ActiveCfg = Debug|x64
		{C38D33E9-0A45-46BE-80A7-01527D0085BF}.Debug|x64.Build.0 = Debug|x64
		{C38D33E9-0A45-46BE-80A7-01527D0085BF}.Debug|x86.ActiveCfg = Debug|Win32
		{C38D33E9-0A45-46BE-80A7-01527D0085BF}.Debug|x86.Build.0 = Debug|Win32
		{C38D33E9-0A45-46BE-80A7-01527D0085BF}.Release|x64.ActiveCfg = Release|x64
		{C38D33E9-0A45-46BE-80A7-01527D0085BF}.Release|x64.Build.0 = Release|x64
		{C38D33E9-0A45-46BE-80A7-01527D0085BF}.Release|x86.ActiveCfg = Release|Win32
		{C38D33E9-0A45-46BE-80A7-01527D0085BF}.Release|x86.Build.0 = Release|Win32
		{195D19E9-5DFA-4DB5-9090-21DAD11A51A9}.Debug|x64.ActiveCfg = Debug|x64
		{195D19E9-5DFA-4DB5-9090-21DAD11A51A9}.Debug|x64.Build.0 = Debug|x64
		{195D19E9-5DFA-4DB5-9090-21DAD11A51A9}.Debug|x86.ActiveCfg = Debug|Win32
		{195D19E9-5DFA-4DB5-9090-21DAD11A51A9}.Debug|x86.Build.0 = Debug|Win32
		{195D19E9-5DFA-4DB5-9090-21DAD11A51A9}.Release|x64.ActiveCfg = Release|x64
		{195D19E9-5DFA-4DB5-9090-21DAD11A51A9}.Release|x64.Build.0 = Release|x64
		{195D19E9-5DFA-4DB5-9090-21DAD11A51A9}.Release|x86.ActiveCfg = Release|Win32
		{195D19E9-5DFA-4DB5-9090-21DAD11A51A9}.Release|x86.Build.0 = Release|Win32
		{671F1876-85C1-442B-B49D-0BBF5EE0F781}.Debug|x64.ActiveCfg = Debug|x64
		{671F1876-85C1-442B-B49D-0BBF5EE0F781}.Debug|x64.Build.0 = Debug|x64
		{671F1876-85C1-442B-B49D-0BBF5EE0F781}.Debug|x86.ActiveCfg = Debug|Win32
		{671F1876-85C1-442B-B49D-0BBF5EE0F781}.Debug|x86.Build.0 = Debug|Win32
		{671F1876-85C1-442B-B49D-0BBF5EE0F781}.Release|x64.ActiveCfg = Release|x64
		{671F1876-85C1-442B-B49D-0BBF5EE0F781}.Release|x64.Build.0 = Release|x64
		{671F1876-85C1-442B-B49D-0BBF5EE0F781}.Release|x86.ActiveCfg = Release|Win32
		{671F1876-85C1-442B-B49D-0BBF5EE0F781}.Release|x86.Build.0 = Release|Win32
		{EF94ADBC-247B-423E-A91F-F5E55AD64CAA}.Debug|x64.ActiveCfg = Debug|x64
		{EF94ADBC-247B-423E-A91F-F5E55AD64CAA}.Debug|x64.Build.0 = Debug|x64
		{EF94ADBC-247B-423E-A91F-F5E55AD64CAA}.Debug|x86.ActiveCfg = Debug|Win32
		{EF94ADBC-247B-423E-A91F-F5E55AD64CAA}.Debug|x86.Build.0 = Debug|Win32
		{EF94ADBC-247B-423E-A91F-F5E55AD64CAA}.Release|x64.ActiveCfg = Release|x64
		{EF94ADBC-247B-423E-A91F-F5E55AD64CAA}.Release|x64.Build.0 = Release|x64
		{EF94ADBC-247B-423E-A91F-F5E55AD64CAA}.Release|x86.ActiveCfg = Release|Win32
		{EF94ADBC-247B-423E-A91F-F5E55AD64CAA}.Release|x86.Build.0 = Release|Win32
		{72DC7F7C-918F-453D-8B2A-C3063288B9D5}.Debug|x64.ActiveCfg = Debug|x64
		{72DC7F7C-918F-453D-8B2A-C3063288B9D5}.Debug|x64.Build.0 = Debug|x64
		{72DC7F7C-918F-453D-8B2A-C3063288B9D5}.Debug|x86.ActiveCfg = Debug|Win32
		{72DC7F7C-918F-453D-8B2A-C3063288B9D5}.Debug|x86.Build.0 = Debug|Win32
		{72DC7F7C-918F-453D-8B2A-C3063288B9D5}.Release|x64.ActiveCfg = Release|x64
		{72DC7F7C-918F-453D-8B2A-C3063288B9D5}.Release|x64.Build.0 = Release|x64
		{72DC7F7C-918F-453D-8B2A-C3063288B9D5}.Release|x86.ActiveCfg = Release|Win32
		{72DC7F7C-918F-453D-8B2A-C3063288B9D5}.Release|x86.Build.0 = Release|Win32
		{D797D69B-A43D-49B1-AF2A-A36830DEF686}.Debug|x64.ActiveCfg = Debug|x64
		{D797D69B-A43D-49B1-AF2A-A36830DEF686}.Debug|x64.Build.0 = Debug|x64
		{D797D69B-A43D-49B1-AF2A-A36830DEF686}.Debug|x86.ActiveCfg = Debug|Win32
		{D797D69B-A43D-49B1-AF2A-A36830DEF686}.Debug|x86.Build.0 = Debug|Win32
		{D797D69B-A43D-49B1-AF2A-A36830DEF686}.Release|x64.ActiveCfg = Release|x64
		{D797D69B-A43D-49B1-AF2A-A36830DEF686}.Release|x64.Build.0 = Release|x64
		{D797D69B-A43D-49B1-AF2A-A36830DEF686}.Release|x86.ActiveCfg = Release|Win32
		{D797D69B-A43D-49B1-AF2A-A36830DEF686}.Release|x86.Build.0 = Release|Win32
		{C6511A10-A498-49CF-8DEA-06A15D92AFFD}.Debug|x64.ActiveCfg = Debug|x64
		{C6511A10-A498-49CF-8DEA-06A15D92AFFD}.Debug|x64.Build.0 = Debug|x64
		{C6511A10-A498-49CF-8DEA-06A15D92AFFD}.Debug|x86.ActiveCfg = Debug|Win32
		{C6511A10-A498-49CF-8DEA-06A15D92AFFD}.Debug|x86.Build.0 = Debug|Win32
		{C6511A10-A498-49CF-8DEA-06A15D92AFFD}.Release|x64.ActiveCfg = Release|x64
		{C6511A10-A498-49CF-8DEA-06A15D92AFFD}.Release|x64.Build.0 = Release|x64
		{C6511A10-A498-49CF-8DEA-06A15D92AFFD}.Release|x86.ActiveCfg = Release|Win32
		{C6511A10-A498-49CF-8DEA-06A15D92AFFD}.Release|x86.Build.0 = Release|Win32
	EndGlobalSection
	GlobalSection(SolutionProperties) = preSolution
		HideSolutionNode = FALSE
	EndGlobalSection
	GlobalSection(ExtensibilityGlobals) = postSolution
		SolutionGuid = {5D6C5004-29C7-47D8-84CC-EB6B088BA470}
	EndGlobalSection
EndGlobal
